
Microsoft Visual Studio Solution File, Format Version 12.00
# Visual Studio 15
VisualStudioVersion = 15.0.27703.2035
MinimumVisualStudioVersion = 10.0.40219.1
Project("{FAE04EC0-301F-11D3-BF4B-00C04F79EFBC}") = "Timeticker", "Timeticker\Timeticker.csproj", "{6BE25BED-0A42-467E-87CB-CE4FDF1786A5}"
EndProject
Global
	GlobalSection(SolutionConfigurationPlatforms) = preSolution
		Debug|Any CPU = Debug|Any CPU
		Release|Any CPU = Release|Any CPU
	EndGlobalSection
	GlobalSection(ProjectConfigurationPlatforms) = postSolution
		{6BE25BED-0A42-467E-87CB-CE4FDF1786A5}.Debug|Any CPU.ActiveCfg = Debug|Any CPU
		{6BE25BED-0A42-467E-87CB-CE4FDF1786A5}.Debug|Any CPU.Build.0 = Debug|Any CPU
		{6BE25BED-0A42-467E-87CB-CE4FDF1786A5}.Release|Any CPU.ActiveCfg = Release|Any CPU
		{6BE25BED-0A42-467E-87CB-CE4FDF1786A5}.Release|Any CPU.Build.0 = Release|Any CPU
	EndGlobalSection
	GlobalSection(SolutionProperties) = preSolution
		HideSolutionNode = FALSE
	EndGlobalSection
	GlobalSection(ExtensibilityGlobals) = postSolution
		SolutionGuid = {F8E684CA-BBB9-4858-A65C-FBF02DE75ABE}
	EndGlobalSection
EndGlobal
